{
  "nodes": {
    "crate2nix": {
      "flake": false,
      "locked": {
        "lastModified": 1658336336,
        "narHash": "sha256-SJTBwZ/RYBP5ZcHMXXHBprj1z9hWStQ98p/v7naiFvo=",
        "owner": "kolloch",
        "repo": "crate2nix",
        "rev": "9797a9f47b673fab90c24e74ffe3c114d72121ca",
        "type": "github"
      },
      "original": {
        "owner": "kolloch",
        "repo": "crate2nix",
        "type": "github"
      }
    },
    "dnm": {
      "inputs": {
        "nix-alacarte": [],
        "nixpkgs": [
          "nixpkgs"
        ]
      },
      "locked": {
        "lastModified": 1662583932,
        "narHash": "sha256-/H2w7Q8k9IyCYfh7uXbfb5uw0xtgdUdQ8XgM+uOxSeQ=",
        "owner": "ilkecan",
        "repo": "dnm",
        "rev": "133cdc1e01fd937885a323b3db71844a59c52ba8",
        "type": "github"
      },
      "original": {
        "owner": "ilkecan",
        "repo": "dnm",
        "type": "github"
      }
    },
    "flake-utils": {
      "locked": {
        "lastModified": 1656928814,
        "narHash": "sha256-RIFfgBuKz6Hp89yRr7+NR5tzIAbn52h8vT6vXkYjZoM=",
        "owner": "numtide",
        "repo": "flake-utils",
        "rev": "7e2a3b3dfd9af950a856d66b0a7d01e3c18aa249",
        "type": "github"
      },
      "original": {
        "owner": "numtide",
        "repo": "flake-utils",
        "type": "github"
      }
    },
    "nix-filter": {
      "locked": {
        "lastModified": 1653590866,
        "narHash": "sha256-E4yKIrt/S//WfW5D9IhQ1dVuaAy8RE7EiCMfnbrOC78=",
        "owner": "numtide",
        "repo": "nix-filter",
        "rev": "3e81a637cdf9f6e9b39aeb4d6e6394d1ad158e16",
        "type": "github"
      },
      "original": {
        "owner": "numtide",
        "repo": "nix-filter",
        "type": "github"
      }
    },
    "nixpkgs": {
      "locked": {
        "lastModified": 1658500284,
        "narHash": "sha256-g7vwZ5UF8PvC9f2/7Zf5O6zxgJiMSuh1CiGZVuuOhEQ=",
        "owner": "NixOS",
        "repo": "nixpkgs",
        "rev": "e3583ad6e533a9d8dd78f90bfa93812d390ea187",
        "type": "github"
      },
      "original": {
        "id": "nixpkgs",
        "ref": "nixos-22.05",
        "type": "indirect"
      }
    },
    "overlayln": {
      "inputs": {
        "crate2nix": "crate2nix",
        "flake-utils": [
          "flake-utils"
        ],
        "nix-alacarte": [],
        "nix-filter": "nix-filter",
        "nixpkgs": [
          "nixpkgs"
        ]
      },
      "locked": {
        "lastModified": 1662577531,
        "narHash": "sha256-TlbA1aAJBH9nQDKFwarbxMjZesPUQgWP11nzk3Y3TRo=",
        "owner": "ilkecan",
        "repo": "overlayln",
        "rev": "ee6b7acc432809f61517087474dd2ce09238bf68",
        "type": "github"
      },
      "original": {
        "owner": "ilkecan",
        "repo": "overlayln",
        "type": "github"
      }
    },
    "root": {
      "inputs": {
        "dnm": "dnm",
        "flake-utils": "flake-utils",
        "nixpkgs": "nixpkgs",
        "overlayln": "overlayln"
      }
    }
  },
  "root": "root",
  "version": 7
}
